
Microsoft Visual Studio Solution File, Format Version 12.00
# Visual Studio Version 17
VisualStudioVersion = 17.11.35327.3
MinimumVisualStudioVersion = 10.0.40219.1
Project("{FAE04EC0-301F-11D3-BF4B-00C04F79EFBC}") = "MathGame", "MathGame\MathGame.csproj", "{5E72E520-5EA9-4864-8D0A-84027104EF75}"
EndProject
Global
	GlobalSection(SolutionConfigurationPlatforms) = preSolution
		Debug|Any CPU = Debug|Any CPU
		Release|Any CPU = Release|Any CPU
	EndGlobalSection
	GlobalSection(ProjectConfigurationPlatforms) = postSolution
		{5E72E520-5EA9-4864-8D0A-84027104EF75}.Debug|Any CPU.ActiveCfg = Debug|Any CPU
		{5E72E520-5EA9-4864-8D0A-84027104EF75}.Debug|Any CPU.Build.0 = Debug|Any CPU
		{5E72E520-5EA9-4864-8D0A-84027104EF75}.Release|Any CPU.ActiveCfg = Release|Any CPU
		{5E72E520-5EA9-4864-8D0A-84027104EF75}.Release|Any CPU.Build.0 = Release|Any CPU
	EndGlobalSection
	GlobalSection(SolutionProperties) = preSolution
		HideSolutionNode = FALSE
	EndGlobalSection
	GlobalSection(ExtensibilityGlobals) = postSolution
		SolutionGuid = {3AA6F30C-99C6-45AE-9BEE-4731248EF39A}
	EndGlobalSection
EndGlobal
